
Microsoft Visual Studio Solution File, Format Version 12.00
# Visual Studio Version 17
VisualStudioVersion = 17.9.34616.47
MinimumVisualStudioVersion = 10.0.40219.1
Project("{FAE04EC0-301F-11D3-BF4B-00C04F79EFBC}") = "Lecture_02", "Lecture_02.csproj", "{8DE2D369-C9D8-40C4-88DD-6633AB1A995D}"
EndProject
Global
	GlobalSection(SolutionConfigurationPlatforms) = preSolution
		Debug|Any CPU = Debug|Any CPU
		Release|Any CPU = Release|Any CPU
	EndGlobalSection
	GlobalSection(ProjectConfigurationPlatforms) = postSolution
		{8DE2D369-C9D8-40C4-88DD-6633AB1A995D}.Debug|Any CPU.ActiveCfg = Debug|Any CPU
		{8DE2D369-C9D8-40C4-88DD-6633AB1A995D}.Debug|Any CPU.Build.0 = Debug|Any CPU
		{8DE2D369-C9D8-40C4-88DD-6633AB1A995D}.Release|Any CPU.ActiveCfg = Release|Any CPU
		{8DE2D369-C9D8-40C4-88DD-6633AB1A995D}.Release|Any CPU.Build.0 = Release|Any CPU
	EndGlobalSection
	GlobalSection(SolutionProperties) = preSolution
		HideSolutionNode = FALSE
	EndGlobalSection
	GlobalSection(ExtensibilityGlobals) = postSolution
		SolutionGuid = {B3E35F98-EC03-4CDF-81A1-1D74EEBE3B33}
	EndGlobalSection
EndGlobal
