
Microsoft Visual Studio Solution File, Format Version 12.00
# Visual Studio Version 17
VisualStudioVersion = 17.9.34616.47
MinimumVisualStudioVersion = 10.0.40219.1
Project("{FAE04EC0-301F-11D3-BF4B-00C04F79EFBC}") = "ConsoleSoftware", "midterm\ConsoleSoftware.csproj", "{7A27CFC5-7C10-48CC-83CE-AC279B971B0A}"
EndProject
Project("{FAE04EC0-301F-11D3-BF4B-00C04F79EFBC}") = "TempConverterApp", "TempConverterApp\TempConverterApp.csproj", "{361FC219-6887-4F7A-B383-7F1C2794A994}"
EndProject
Global
	GlobalSection(SolutionConfigurationPlatforms) = preSolution
		Debug|Any CPU = Debug|Any CPU
		Release|Any CPU = Release|Any CPU
	EndGlobalSection
	GlobalSection(ProjectConfigurationPlatforms) = postSolution
		{7A27CFC5-7C10-48CC-83CE-AC279B971B0A}.Debug|Any CPU.ActiveCfg = Debug|Any CPU
		{7A27CFC5-7C10-48CC-83CE-AC279B971B0A}.Debug|Any CPU.Build.0 = Debug|Any CPU
		{7A27CFC5-7C10-48CC-83CE-AC279B971B0A}.Release|Any CPU.ActiveCfg = Release|Any CPU
		{7A27CFC5-7C10-48CC-83CE-AC279B971B0A}.Release|Any CPU.Build.0 = Release|Any CPU
		{361FC219-6887-4F7A-B383-7F1C2794A994}.Debug|Any CPU.ActiveCfg = Debug|Any CPU
		{361FC219-6887-4F7A-B383-7F1C2794A994}.Debug|Any CPU.Build.0 = Debug|Any CPU
		{361FC219-6887-4F7A-B383-7F1C2794A994}.Release|Any CPU.ActiveCfg = Release|Any CPU
		{361FC219-6887-4F7A-B383-7F1C2794A994}.Release|Any CPU.Build.0 = Release|Any CPU
	EndGlobalSection
	GlobalSection(SolutionProperties) = preSolution
		HideSolutionNode = FALSE
	EndGlobalSection
	GlobalSection(ExtensibilityGlobals) = postSolution
		SolutionGuid = {38962BE7-D885-4385-945C-A35E00A35FFE}
	EndGlobalSection
EndGlobal
